dependencies:
- name: vector
  repository: https://helm.vector.dev
  version: 0.50.0
- name: apc-global-overrides
  repository: https://raw.githubusercontent.com/gr8it/charts-openshift/refs/heads/main/
  version: 1.8.0
digest: sha256:16f0ba082a0d3f918166bd617751eb2cb42b66ed584bd8676770a86f15f18d42
generated: "2026-05-07T13:39:16.942842+02:00"
