dependencies:
- name: vector
  repository: https://helm.vector.dev
  version: 0.38.1
- name: apc-global-overrides
  repository: https://raw.githubusercontent.com/gr8it/charts-openshift/refs/heads/main/
  version: 1.8.0
digest: sha256:01a1de977825867104de53a63f2aa5ecf3b37577587db1b24c8b6d87f564c663
generated: "2026-05-04T10:45:17.702274+02:00"
