dependencies:
- name: apc-global-overrides
  repository: https://raw.githubusercontent.com/gr8it/charts-openshift/refs/heads/main/
  version: 1.8.0
- name: prometheus-elasticsearch-exporter
  repository: https://prometheus-community.github.io/helm-charts
  version: 7.2.1
digest: sha256:e3da20f2ad95398fb3967e2bd56714dcca2f7764823ab0a02a402d05b364a507
generated: "2026-03-25T15:19:18.249882+01:00"
