dependencies:
- name: crossplane
  repository: https://charts.crossplane.io/stable
  version: 1.20.4
- name: apc-global-overrides
  repository: https://raw.githubusercontent.com/gr8it/charts-openshift/refs/heads/main/
  version: 1.5.0
digest: sha256:cf152d577a88f1a521ddc911fab08f302e032bf086a1f2441ac1136fb0295d7f
generated: "2026-02-02T12:08:53.414265522+01:00"
