dependencies:
  - name: crossplane
    repository: https://charts.crossplane.io/stable
    version: 1.19.2
  - name: apc-global-overrides
    repository: https://raw.githubusercontent.com/gr8it/charts-openshift/refs/heads/main/
    version: 1.2.1
digest: sha256:9b14d3bd5533459fb388f93d880e045d918aa691aa594ca6b14822285193eae4
generated: "2025-10-09T12:48:32.083565981+02:00"
