dependencies:
- name: crossplane
  repository: https://charts.crossplane.io/stable
  version: 2.1.3
- name: apc-global-overrides
  repository: https://raw.githubusercontent.com/gr8it/charts-openshift/refs/heads/main/
  version: 1.10.0
- name: monitoring-reminder
  repository: https://raw.githubusercontent.com/gr8it/charts-openshift/refs/heads/main/
  version: 2.0.2
digest: sha256:c4b28b504633b5cc3c5c26a46754373c9c2a261e219d2d440cf04936660b461b
generated: "2026-10-05T14:06:23.661771002+02:00"
