dependencies:
- name: apc-global-overrides
  repository: https://raw.githubusercontent.com/gr8it/charts-openshift/refs/heads/main/
  version: 1.5.0
- name: monitoring-prometheusrules
  repository: https://raw.githubusercontent.com/gr8it/charts-openshift/refs/heads/main/
  version: 1.0.5
digest: sha256:ae8402f5063f480395bab706bf69ff05bd0b37946cfcc5c0cfc6e77865c25c9b
generated: "2026-02-12T13:58:32.161323378+01:00"
