dependencies:
- name: apc-global-overrides
  repository: https://raw.githubusercontent.com/gr8it/charts-openshift/refs/heads/main/
  version: 1.5.0
- name: monitoring-prometheusrules
  repository: https://raw.githubusercontent.com/gr8it/charts-openshift/refs/heads/main/
  version: 1.0.6
digest: sha256:b0f7558d219e5670ae6050c6a278e1683ff0e0ca1558a3567e08bb73b5776b5e
generated: "2026-02-25T18:31:03.284772066+01:00"
