dependencies:
- name: apc-global-overrides
  repository: https://raw.githubusercontent.com/gr8it/charts-openshift/refs/heads/main/
  version: 1.2.0
- name: kyverno-prometheusrules-helpers
  repository: file://../kyverno-prometheusrules-helpers
  version: 1.0.0
digest: sha256:eaa93b76002a522f527adac6f569a8b17c00ebe313432427f813127e7deaae13
generated: "2025-10-21T14:57:10.285746+02:00"
