dependencies:
- name: apc-global-overrides
  repository: https://raw.githubusercontent.com/gr8it/charts-openshift/refs/heads/main/
  version: 1.10.0
- name: monitoring-reminder
  repository: https://raw.githubusercontent.com/gr8it/charts-openshift/refs/heads/main/
  version: 2.0.2
digest: sha256:8f2dec2a923aa2cff3d617a24256a4fda68565eed7f223c565a1a287da7b5be6
generated: "2026-09-07T14:05:08.035067873+02:00"
