dependencies:
- name: apc-global-overrides
  repository: https://raw.githubusercontent.com/gr8it/charts-openshift/refs/heads/main/
  version: 1.6.0
- name: monitoring-reminder
  repository: https://raw.githubusercontent.com/gr8it/charts-openshift/refs/heads/main/
  version: 2.0.2
digest: sha256:235247e8d220adf7bbe2740512fe74a0f7274fbf9c2395a2a948f1ecc9b37f51
generated: "2026-08-07T15:10:39.701398+02:00"
