dependencies:
- name: apc-global-overrides
  repository: https://raw.githubusercontent.com/gr8it/charts-openshift/refs/heads/main/
  version: 1.6.0
- name: monitoring-reminder
  repository: https://raw.githubusercontent.com/gr8it/charts-openshift/refs/heads/main/
  version: 2.0.0
digest: sha256:7baa6431067e5bdd6c0138c8389670163a406d3d16ac0025c4d96d30ea5028e0
generated: "2026-07-15T21:09:17.507176+02:00"
