dependencies:
- name: prometheus-pushgateway
  repository: https://prometheus-community.github.io/helm-charts
  version: 3.0.0
- name: apc-global-overrides
  repository: https://raw.githubusercontent.com/gr8it/charts-openshift/refs/heads/main/
  version: 1.8.0
digest: sha256:49afb760bd468e7a8bca6c84848c4a38506b244e546c32392628f73a84af0d00
generated: "2026-04-29T21:54:18.602951+02:00"
