dependencies:
- name: prometheus-pushgateway
  repository: https://prometheus-community.github.io/helm-charts
  version: 2.16.0
- name: apc-global-overrides
  repository: https://raw.githubusercontent.com/gr8it/charts-openshift/refs/heads/main/
  version: 1.8.0
digest: sha256:da1f85d1a01398c08e795ef3937a559975c4a7e86332fd9f0f6b676fe397cb53
generated: "2026-04-29T17:46:42.548275+02:00"
