dependencies:
- name: apc-global-overrides
  repository: https://raw.githubusercontent.com/gr8it/charts-openshift/refs/heads/main/
  version: 1.9.0
- name: monitoring-prometheusrules
  repository: https://raw.githubusercontent.com/gr8it/charts-openshift/refs/heads/main/
  version: 1.1.0
- name: openshift-adp-backups
  repository: https://raw.githubusercontent.com/gr8it/charts-openshift/refs/heads/main/
  version: 1.0.0
digest: sha256:eac1a6d429fa373fc92da9feba8166b070e8d6c834e8c2917ae37f79579e0fe2
generated: "2026-09-03T15:03:20.136179+02:00"
