dependencies:
- name: apc-global-overrides
  repository: https://raw.githubusercontent.com/gr8it/charts-openshift/refs/heads/main/
  version: 1.5.0
- name: monitoring-prometheusrules
  repository: https://raw.githubusercontent.com/gr8it/charts-openshift/refs/heads/SPEXAPC-20772-evictPod-alert/
  version: 1.0.7
digest: sha256:055a9eede135bb2d9162c763cb6a584502ed8a9b5e9e4236c1b196d2f58c65be
generated: "2026-07-30T11:15:29.795345+02:00"
