dependencies:
- name: apc-global-overrides
  repository: https://raw.githubusercontent.com/gr8it/charts-openshift/refs/heads/main/
  version: 1.5.0
- name: monitoring-prometheusrules
  repository: https://raw.githubusercontent.com/gr8it/charts-openshift/refs/heads/main/
  version: 1.0.4
digest: sha256:9e8ede5c9ae5620417443fb5aeca9b00a4eca2caf6fdf423d2e9799bd0be786e
generated: "2026-02-03T15:46:39.968318127+01:00"
