dependencies:
- name: acm-operatorpolicy
  repository: https://raw.githubusercontent.com/gr8it/charts-openshift/refs/heads/main/
  version: 1.3.0
- name: acm-operatorpolicy
  repository: https://raw.githubusercontent.com/gr8it/charts-openshift/refs/heads/main/
  version: 1.3.0
- name: acm-operatorpolicy
  repository: https://raw.githubusercontent.com/gr8it/charts-openshift/refs/heads/main/
  version: 1.3.0
digest: sha256:1a33bfd85bef7914976d20a0581f426b6286532f3013c74c874d4c336003a5e1
generated: "2026-03-05T14:09:26.649049+01:00"
