dependencies:
- name: apc-global-overrides
  repository: https://raw.githubusercontent.com/gr8it/charts-openshift/refs/heads/main/
  version: 1.3.0
- name: kyverno-prometheusrules-helpers
  repository: file://../kyverno-prometheusrules-helpers
  version: 1.0.0
digest: sha256:8a771ccd03badc1f4d19738d7ac691951e0c054fca22cd44258ef33a687741fd
generated: "2025-10-22T13:41:48.595508+02:00"
