dependencies:
- name: apc-global-overrides
  repository: https://raw.githubusercontent.com/gr8it/charts-openshift/refs/heads/main/
  version: 1.8.0
- name: openshift-adp-backups
  repository: https://raw.githubusercontent.com/gr8it/charts-openshift/refs/heads/main/
  version: 1.0.0
digest: sha256:90cc0f95ca947335963ae51a3044284927dc31f63940638068da55de4d813d5d
generated: "2026-04-20T15:51:01.868077+02:00"
