dependencies:
- name: acm-operatorpolicy
  repository: https://raw.githubusercontent.com/gr8it/charts-openshift/refs/heads/main/
  version: 1.2.0
- name: plugin-barman-cloud
  repository: https://cloudnative-pg.github.io/charts
  version: 0.2.0
digest: sha256:ce421d96f86560f657a0cd67e548955c01cdf98a4e5855fe552c5ae726c9ebfa
generated: "2025-10-08T21:32:57.409033356+02:00"
