dependencies:
- name: acm-operatorpolicy
  repository: https://raw.githubusercontent.com/gr8it/charts-openshift/refs/heads/main/
  version: 1.1.0
- name: plugin-barman-cloud
  repository: https://cloudnative-pg.github.io/charts
  version: 0.2.0
digest: sha256:111815ea38890a898f9852dea9c6e4a3cf2bc59c143e115b5961d6b235e616bd
generated: "2025-10-08T11:37:26.755411318+02:00"
