dependencies:
- name: apc-global-overrides
  repository: https://raw.githubusercontent.com/gr8it/charts-openshift/refs/heads/main/
  version: 1.5.0
- name: kafka-ui
  repository: https://kafbat.github.io/helm-charts
  version: 1.5.3
digest: sha256:a9547837f7600e7d9dd609fa2aa8263f895f8809248dac983451c97ae75de2ba
generated: "2026-01-19T12:43:35.827580899+01:00"
