dependencies:
- name: trust-manager
  repository: https://charts.jetstack.io
  version: v0.16.0
- name: apc-global-overrides
  repository: https://raw.githubusercontent.com/gr8it/charts-openshift/refs/heads/main/
  version: 1.1.0
digest: sha256:68ce93bd2dee65da0c7183561f72b1366c618065d762b93df11185ecabd1c2b6
generated: "2025-09-25T11:28:02.829218+02:00"
