dependencies:
- name: prometheus-blackbox-exporter
  repository: https://prometheus-community.github.io/helm-charts/
  version: 11.6.1
- name: apc-global-overrides
  repository: https://raw.githubusercontent.com/gr8it/charts-openshift/refs/heads/main/
  version: 1.5.0
digest: sha256:67581890b774da06adbaea533b68e0bb90c9f1ff1b97f9287ae0611d794fddcb
generated: "2025-12-23T11:51:52.032585658+01:00"
